
Microsoft Visual Studio Solution File, Format Version 12.00
# Visual Studio 2012
Project("{E24C65DC-7377-472B-9ABA-BC803B73C61A}") = "kogrid", "..\..\..\..\Development\Github\ts-node-template\kogrid\", "{2F774157-4694-4A96-8E91-94411563F2D0}"
	ProjectSection(WebsiteProperties) = preProject
		Debug.AspNetCompiler.VirtualPath = "/kogrid"
		Debug.AspNetCompiler.PhysicalPath = "..\..\..\..\Development\Github\ts-node-template\kogrid\"
		Debug.AspNetCompiler.TargetPath = "PrecompiledWeb\kogrid\"
		Debug.AspNetCompiler.Updateable = "true"
		Debug.AspNetCompiler.ForceOverwrite = "true"
		Debug.AspNetCompiler.FixedNames = "false"
		Debug.AspNetCompiler.Debug = "True"
		Release.AspNetCompiler.VirtualPath = "/kogrid"
		Release.AspNetCompiler.PhysicalPath = "..\..\..\..\Development\Github\ts-node-template\kogrid\"
		Release.AspNetCompiler.TargetPath = "PrecompiledWeb\kogrid\"
		Release.AspNetCompiler.Updateable = "true"
		Release.AspNetCompiler.ForceOverwrite = "true"
		Release.AspNetCompiler.FixedNames = "false"
		Release.AspNetCompiler.Debug = "False"
		VWDPort = "2138"
	EndProjectSection
EndProject
Global
	GlobalSection(SolutionConfigurationPlatforms) = preSolution
		Debug|Any CPU = Debug|Any CPU
	EndGlobalSection
	GlobalSection(ProjectConfigurationPlatforms) = postSolution
		{2F774157-4694-4A96-8E91-94411563F2D0}.Debug|Any CPU.ActiveCfg = Debug|Any CPU
		{2F774157-4694-4A96-8E91-94411563F2D0}.Debug|Any CPU.Build.0 = Debug|Any CPU
	EndGlobalSection
	GlobalSection(SolutionProperties) = preSolution
		HideSolutionNode = FALSE
	EndGlobalSection
EndGlobal
